
Microsoft Visual Studio Solution File, Format Version 12.00
# Visual Studio 15
VisualStudioVersion = 15.0.26430.13
MinimumVisualStudioVersion = 10.0.40219.1
Project("{FAE04EC0-301F-11D3-BF4B-00C04F79EFBC}") = "ContactManagerApp", "ContactManagerApp\ContactManagerApp.csproj", "{872691F5-EB6F-4ABB-8575-EB24133A998B}"
EndProject
Global
	GlobalSection(SolutionConfigurationPlatforms) = preSolution
		Debug|Any CPU = Debug|Any CPU
		Release|Any CPU = Release|Any CPU
	EndGlobalSection
	GlobalSection(ProjectConfigurationPlatforms) = postSolution
		{872691F5-EB6F-4ABB-8575-EB24133A998B}.Debug|Any CPU.ActiveCfg = Debug|Any CPU
		{872691F5-EB6F-4ABB-8575-EB24133A998B}.Debug|Any CPU.Build.0 = Debug|Any CPU
		{872691F5-EB6F-4ABB-8575-EB24133A998B}.Release|Any CPU.ActiveCfg = Release|Any CPU
		{872691F5-EB6F-4ABB-8575-EB24133A998B}.Release|Any CPU.Build.0 = Release|Any CPU
	EndGlobalSection
	GlobalSection(SolutionProperties) = preSolution
		HideSolutionNode = FALSE
	EndGlobalSection
EndGlobal
